{
  "name": "ccdiag",
  "version": "0.1.0",
  "lockfileVersion": 3,
  "requires": true,
  "packages": {
    "": {
      "name": "ccdiag",
      "version": "0.1.0",
      "dependencies": {
        "@ktav-lang/ktav": "^0.6.1",
        "json5": "^2.2.3"
      },
      "bin": {
        "ccdiag": "index.js"
      },
      "engines": {
        "node": ">=18"
      }
    },
    "node_modules/@ktav-lang/js-darwin-arm64": {
      "version": "0.6.0",
      "resolved": "https://registry.npmjs.org/@ktav-lang/js-darwin-arm64/-/js-darwin-arm64-0.6.0.tgz",
      "integrity": "sha512-hLw4ckwCuPHKglz8SusFsdjxuzeqeJWE6XjaOr8/utwlfbye2mNRCGsPSEPPkxiN0INrlTa3xpSfaThPBL7EgQ==",
      "cpu": [
        "arm64"
      ],
      "license": "MIT",
      "optional": true,
      "os": [
        "darwin"
      ],
      "engines": {
        "node": ">=18"
      }
    },
    "node_modules/@ktav-lang/js-darwin-x64": {
      "version": "0.6.0",
      "resolved": "https://registry.npmjs.org/@ktav-lang/js-darwin-x64/-/js-darwin-x64-0.6.0.tgz",
      "integrity": "sha512-YClm8HEddk01e+FABl1zEUDoswxywbueIYX7ry/DUuv2KSAqd7FzB4k26AXOhXKFerM5I3hCA+RT8HSmPsOO8g==",
      "cpu": [
        "x64"
      ],
      "license": "MIT",
      "optional": true,
      "os": [
        "darwin"
      ],
      "engines": {
        "node": ">=18"
      }
    },
    "node_modules/@ktav-lang/js-linux-arm64-gnu": {
      "version": "0.6.0",
      "resolved": "https://registry.npmjs.org/@ktav-lang/js-linux-arm64-gnu/-/js-linux-arm64-gnu-0.6.0.tgz",
      "integrity": "sha512-wk3yMuaOB/YmzSEokTjYVxZmuaxo8J+Ur0icr0+omdI9B+AdD2NseB4ZVPW7hnwO24yDeKOuJZWe05U6hUHN4A==",
      "cpu": [
        "arm64"
      ],
      "libc": [
        "glibc"
      ],
      "license": "MIT",
      "optional": true,
      "os": [
        "linux"
      ],
      "engines": {
        "node": ">=18"
      }
    },
    "node_modules/@ktav-lang/js-linux-arm64-musl": {
      "version": "0.6.0",
      "resolved": "https://registry.npmjs.org/@ktav-lang/js-linux-arm64-musl/-/js-linux-arm64-musl-0.6.0.tgz",
      "integrity": "sha512-wW1OQEF3kmSu4RtdY6WqCUV8aZf4h16ABWvhO3qoAkwvK2TReNvyE4jfAGKS1xir5v1mNIbVdUkUoNLyV84iwg==",
      "cpu": [
        "arm64"
      ],
      "libc": [
        "musl"
      ],
      "license": "MIT",
      "optional": true,
      "os": [
        "linux"
      ],
      "engines": {
        "node": ">=18"
      }
    },
    "node_modules/@ktav-lang/js-linux-x64-gnu": {
      "version": "0.6.0",
      "resolved": "https://registry.npmjs.org/@ktav-lang/js-linux-x64-gnu/-/js-linux-x64-gnu-0.6.0.tgz",
      "integrity": "sha512-ulzpbpzyC5kSpzic3KJnnAvaqhUDpKZ3ZW69Cyb7gLNyog7Kjf2ho9ovAjg5DJmQovs7RG3qLAKoruIw7otTrw==",
      "cpu": [
        "x64"
      ],
      "libc": [
        "glibc"
      ],
      "license": "MIT",
      "optional": true,
      "os": [
        "linux"
      ],
      "engines": {
        "node": ">=18"
      }
    },
    "node_modules/@ktav-lang/js-linux-x64-musl": {
      "version": "0.6.0",
      "resolved": "https://registry.npmjs.org/@ktav-lang/js-linux-x64-musl/-/js-linux-x64-musl-0.6.0.tgz",
      "integrity": "sha512-VtT1vcxoZJDfG4Wr/UbuyGkbE0Ts5lApRu4hGh3mj5kZgtWgJvM+/MymNzshYJerEhhJSxzQYi/GEr67vXVmvQ==",
      "cpu": [
        "x64"
      ],
      "libc": [
        "musl"
      ],
      "license": "MIT",
      "optional": true,
      "os": [
        "linux"
      ],
      "engines": {
        "node": ">=18"
      }
    },
    "node_modules/@ktav-lang/js-win32-arm64-msvc": {
      "version": "0.6.0",
      "resolved": "https://registry.npmjs.org/@ktav-lang/js-win32-arm64-msvc/-/js-win32-arm64-msvc-0.6.0.tgz",
      "integrity": "sha512-9dkti70Ct/+95pRmB85YeAWUv7UgQ+8Y1ZKVi/YhyAJ8F8N9mxIqSrpw+g7PKvEbLN3Idp7BnJF59Auwn8BFtA==",
      "cpu": [
        "arm64"
      ],
      "license": "MIT",
      "optional": true,
      "os": [
        "win32"
      ],
      "engines": {
        "node": ">=18"
      }
    },
    "node_modules/@ktav-lang/js-win32-x64-msvc": {
      "version": "0.6.0",
      "resolved": "https://registry.npmjs.org/@ktav-lang/js-win32-x64-msvc/-/js-win32-x64-msvc-0.6.0.tgz",
      "integrity": "sha512-YBbDudKHYSio/PY5S0//6TdsTPkou7ZQKfg1b16BJ0IFhHltsv62ubW0WFr8JYAF/+nPirhMQuABvpYcvqCYPA==",
      "cpu": [
        "x64"
      ],
      "license": "MIT",
      "optional": true,
      "os": [
        "win32"
      ],
      "engines": {
        "node": ">=18"
      }
    },
    "node_modules/@ktav-lang/ktav": {
      "version": "0.6.1",
      "resolved": "https://registry.npmjs.org/@ktav-lang/ktav/-/ktav-0.6.1.tgz",
      "integrity": "sha512-TZL6LZZLD39s4a4yG2ktQyxZyqlkOX+xAe3oWNKDrzxt/iGFe2PJpAdeFcQVnTnKYWyYvZaqCPoHYX3RswJbng==",
      "license": "MIT OR Apache-2.0",
      "engines": {
        "node": ">=18"
      },
      "optionalDependencies": {
        "@ktav-lang/js-darwin-arm64": "0.6.0",
        "@ktav-lang/js-darwin-x64": "0.6.0",
        "@ktav-lang/js-linux-arm64-gnu": "0.6.0",
        "@ktav-lang/js-linux-arm64-musl": "0.6.0",
        "@ktav-lang/js-linux-x64-gnu": "0.6.0",
        "@ktav-lang/js-linux-x64-musl": "0.6.0",
        "@ktav-lang/js-win32-arm64-msvc": "0.6.0",
        "@ktav-lang/js-win32-x64-msvc": "0.6.0"
      }
    },
    "node_modules/json5": {
      "version": "2.2.3",
      "resolved": "https://registry.npmjs.org/json5/-/json5-2.2.3.tgz",
      "integrity": "sha512-XmOWe7eyHYH14cLdVPoyg+GOH3rYX++KpzrylJwSW98t3Nk+U8XOl8FWKOgwtzdb8lXGf6zYwDUzeHMWfxasyg==",
      "license": "MIT",
      "bin": {
        "json5": "lib/cli.js"
      },
      "engines": {
        "node": ">=6"
      }
    }
  }
}
